
Microsoft Visual Studio Solution File, Format Version 12.00
# Visual Studio Version 17
VisualStudioVersion = 17.5.33424.131
MinimumVisualStudioVersion = 10.0.40219.1
Project("{FAE04EC0-301F-11D3-BF4B-00C04F79EFBC}") = "Maxim", "Maxim\Maxim.csproj", "{9EE14E1E-9C2E-464C-AED3-5CE906B5A887}"
EndProject
Global
	GlobalSection(SolutionConfigurationPlatforms) = preSolution
		Debug|Any CPU = Debug|Any CPU
		Release|Any CPU = Release|Any CPU
	EndGlobalSection
	GlobalSection(ProjectConfigurationPlatforms) = postSolution
		{9EE14E1E-9C2E-464C-AED3-5CE906B5A887}.Debug|Any CPU.ActiveCfg = Debug|Any CPU
		{9EE14E1E-9C2E-464C-AED3-5CE906B5A887}.Debug|Any CPU.Build.0 = Debug|Any CPU
		{9EE14E1E-9C2E-464C-AED3-5CE906B5A887}.Release|Any CPU.ActiveCfg = Release|Any CPU
		{9EE14E1E-9C2E-464C-AED3-5CE906B5A887}.Release|Any CPU.Build.0 = Release|Any CPU
	EndGlobalSection
	GlobalSection(SolutionProperties) = preSolution
		HideSolutionNode = FALSE
	EndGlobalSection
	GlobalSection(ExtensibilityGlobals) = postSolution
		SolutionGuid = {848D86DB-43BA-4BD8-95C6-CF99F5C317CF}
	EndGlobalSection
EndGlobal
